
Microsoft Visual Studio Solution File, Format Version 12.00
# Visual Studio Version 16
VisualStudioVersion = 16.0.30608.117
MinimumVisualStudioVersion = 10.0.40219.1
Project("{9A19103F-16F7-4668-BE54-9A1E7A4F7556}") = "ExemploRecords", "ExemploRecords\ExemploRecords.csproj", "{D25F8C98-B979-4BE4-9538-F1AAE155A2BD}"
EndProject
Project("{9A19103F-16F7-4668-BE54-9A1E7A4F7556}") = "ExemploIsNot", "ExemploIsNot\ExemploIsNot.csproj", "{95BB38F5-717B-451A-B6A8-40FF980B5BF1}"
EndProject
Project("{9A19103F-16F7-4668-BE54-9A1E7A4F7556}") = "ExemploNewExpressions", "ExemploNewExpressions\ExemploNewExpressions.csproj", "{45139719-E345-42AA-8AD5-D70936E77919}"
EndProject
Project("{9A19103F-16F7-4668-BE54-9A1E7A4F7556}") = "ExemploTopLevelProgram", "ExemploTopLevelProgram\ExemploTopLevelProgram.csproj", "{84440992-F109-4604-A959-19FE7FF793E8}"
EndProject
Project("{9A19103F-16F7-4668-BE54-9A1E7A4F7556}") = "ExemploRelationalPatterns", "ExemploRelationalPatterns\ExemploRelationalPatterns.csproj", "{1EFB06E4-CD6B-4218-88F1-9F194EDAC1B5}"
EndProject
Project("{9A19103F-16F7-4668-BE54-9A1E7A4F7556}") = "ExemploLogicalPatterns", "ExemploLogicalPatterns\ExemploLogicalPatterns.csproj", "{2A6DF15E-1C69-451E-9438-1AD59AA9FA0C}"
EndProject
Project("{9A19103F-16F7-4668-BE54-9A1E7A4F7556}") = "ExemploPropertyPatterns", "ExemploPropertyPatterns\ExemploPropertyPatterns.csproj", "{3D91728E-2C54-452E-AEE8-3F94878CE720}"
EndProject
Project("{9A19103F-16F7-4668-BE54-9A1E7A4F7556}") = "ExemploCovariant", "ExemploCovariant\ExemploCovariant.csproj", "{B1B1869E-C8F9-40F0-B58F-7A497BC1E932}"
EndProject
Project("{9A19103F-16F7-4668-BE54-9A1E7A4F7556}") = "ExemploInitOnlyProperties", "ExemploInitOnlyProperties\ExemploInitOnlyProperties.csproj", "{30432ACB-D62F-44FA-AD9C-B7F7E1A9A38D}"
EndProject
Project("{9A19103F-16F7-4668-BE54-9A1E7A4F7556}") = "APIMensagens", "APIMensagens\APIMensagens.csproj", "{EC0C5CCD-DFBF-4D8D-9E7E-4D78A6AF0DED}"
EndProject
Global
	GlobalSection(SolutionConfigurationPlatforms) = preSolution
		Debug|Any CPU = Debug|Any CPU
		Release|Any CPU = Release|Any CPU
	EndGlobalSection
	GlobalSection(ProjectConfigurationPlatforms) = postSolution
		{D25F8C98-B979-4BE4-9538-F1AAE155A2BD}.Debug|Any CPU.ActiveCfg = Debug|Any CPU
		{D25F8C98-B979-4BE4-9538-F1AAE155A2BD}.Debug|Any CPU.Build.0 = Debug|Any CPU
		{D25F8C98-B979-4BE4-9538-F1AAE155A2BD}.Release|Any CPU.ActiveCfg = Release|Any CPU
		{D25F8C98-B979-4BE4-9538-F1AAE155A2BD}.Release|Any CPU.Build.0 = Release|Any CPU
		{95BB38F5-717B-451A-B6A8-40FF980B5BF1}.Debug|Any CPU.ActiveCfg = Debug|Any CPU
		{95BB38F5-717B-451A-B6A8-40FF980B5BF1}.Debug|Any CPU.Build.0 = Debug|Any CPU
		{95BB38F5-717B-451A-B6A8-40FF980B5BF1}.Release|Any CPU.ActiveCfg = Release|Any CPU
		{95BB38F5-717B-451A-B6A8-40FF980B5BF1}.Release|Any CPU.Build.0 = Release|Any CPU
		{45139719-E345-42AA-8AD5-D70936E77919}.Debug|Any CPU.ActiveCfg = Debug|Any CPU
		{45139719-E345-42AA-8AD5-D70936E77919}.Debug|Any CPU.Build.0 = Debug|Any CPU
		{45139719-E345-42AA-8AD5-D70936E77919}.Release|Any CPU.ActiveCfg = Release|Any CPU
		{45139719-E345-42AA-8AD5-D70936E77919}.Release|Any CPU.Build.0 = Release|Any CPU
		{84440992-F109-4604-A959-19FE7FF793E8}.Debug|Any CPU.ActiveCfg = Debug|Any CPU
		{84440992-F109-4604-A959-19FE7FF793E8}.Debug|Any CPU.Build.0 = Debug|Any CPU
		{84440992-F109-4604-A959-19FE7FF793E8}.Release|Any CPU.ActiveCfg = Release|Any CPU
		{84440992-F109-4604-A959-19FE7FF793E8}.Release|Any CPU.Build.0 = Release|Any CPU
		{1EFB06E4-CD6B-4218-88F1-9F194EDAC1B5}.Debug|Any CPU.ActiveCfg = Debug|Any CPU
		{1EFB06E4-CD6B-4218-88F1-9F194EDAC1B5}.Debug|Any CPU.Build.0 = Debug|Any CPU
		{1EFB06E4-CD6B-4218-88F1-9F194EDAC1B5}.Release|Any CPU.ActiveCfg = Release|Any CPU
		{1EFB06E4-CD6B-4218-88F1-9F194EDAC1B5}.Release|Any CPU.Build.0 = Release|Any CPU
		{2A6DF15E-1C69-451E-9438-1AD59AA9FA0C}.Debug|Any CPU.ActiveCfg = Debug|Any CPU
		{2A6DF15E-1C69-451E-9438-1AD59AA9FA0C}.Debug|Any CPU.Build.0 = Debug|Any CPU
		{2A6DF15E-1C69-451E-9438-1AD59AA9FA0C}.Release|Any CPU.ActiveCfg = Release|Any CPU
		{2A6DF15E-1C69-451E-9438-1AD59AA9FA0C}.Release|Any CPU.Build.0 = Release|Any CPU
		{3D91728E-2C54-452E-AEE8-3F94878CE720}.Debug|Any CPU.ActiveCfg = Debug|Any CPU
		{3D91728E-2C54-452E-AEE8-3F94878CE720}.Debug|Any CPU.Build.0 = Debug|Any CPU
		{3D91728E-2C54-452E-AEE8-3F94878CE720}.Release|Any CPU.ActiveCfg = Release|Any CPU
		{3D91728E-2C54-452E-AEE8-3F94878CE720}.Release|Any CPU.Build.0 = Release|Any CPU
		{B1B1869E-C8F9-40F0-B58F-7A497BC1E932}.Debug|Any CPU.ActiveCfg = Debug|Any CPU
		{B1B1869E-C8F9-40F0-B58F-7A497BC1E932}.Debug|Any CPU.Build.0 = Debug|Any CPU
		{B1B1869E-C8F9-40F0-B58F-7A497BC1E932}.Release|Any CPU.ActiveCfg = Release|Any CPU
		{B1B1869E-C8F9-40F0-B58F-7A497BC1E932}.Release|Any CPU.Build.0 = Release|Any CPU
		{30432ACB-D62F-44FA-AD9C-B7F7E1A9A38D}.Debug|Any CPU.ActiveCfg = Debug|Any CPU
		{30432ACB-D62F-44FA-AD9C-B7F7E1A9A38D}.Debug|Any CPU.Build.0 = Debug|Any CPU
		{30432ACB-D62F-44FA-AD9C-B7F7E1A9A38D}.Release|Any CPU.ActiveCfg = Release|Any CPU
		{30432ACB-D62F-44FA-AD9C-B7F7E1A9A38D}.Release|Any CPU.Build.0 = Release|Any CPU
		{EC0C5CCD-DFBF-4D8D-9E7E-4D78A6AF0DED}.Debug|Any CPU.ActiveCfg = Debug|Any CPU
		{EC0C5CCD-DFBF-4D8D-9E7E-4D78A6AF0DED}.Debug|Any CPU.Build.0 = Debug|Any CPU
		{EC0C5CCD-DFBF-4D8D-9E7E-4D78A6AF0DED}.Release|Any CPU.ActiveCfg = Release|Any CPU
		{EC0C5CCD-DFBF-4D8D-9E7E-4D78A6AF0DED}.Release|Any CPU.Build.0 = Release|Any CPU
	EndGlobalSection
	GlobalSection(SolutionProperties) = preSolution
		HideSolutionNode = FALSE
	EndGlobalSection
	GlobalSection(ExtensibilityGlobals) = postSolution
		SolutionGuid = {5B77738F-DB4A-478D-8CE2-F31FDFEFF841}
	EndGlobalSection
EndGlobal
